// !$*UTF8*$!
{
	archiveVersion = 1;
	classes = {
	};
	objectVersion = 46;
	objects = {

/* Begin PBXBuildFile section */
		B781E7641C53023300F23A25 /* ReactNativeAutoUpdater.m in Sources */ = {isa = PBXBuildFile; fileRef = B781E7611C53023300F23A25 /* ReactNativeAutoUpdater.m */; };
		B781E7651C53023300F23A25 /* StatusBarNotification.m in Sources */ = {isa = PBXBuildFile; fileRef = B781E7631C53023300F23A25 /* StatusBarNotification.m */; };
/* End PBXBuildFile section */

/* Begin PBXCopyFilesBuildPhase section */
		B781E74C1C52EC0100F23A25 /* CopyFiles */ = {
			isa = PBXCopyFilesBuildPhase;
			buildActionMask = 2147483647;
			dstPath = "include/$(PRODUCT_NAME)";
			dstSubfolderSpec = 16;
			files = (
			);
			runOnlyForDeploymentPostprocessing = 0;
		};
/* End PBXCopyFilesBuildPhase section */

/* Begin PBXFileReference section */
		B781E74E1C52EC0100F23A25 /* libReactNativeAutoUpdater.a */ = {isa = PBXFileReference; explicitFileType = archive.ar; includeInIndex = 0; path = libReactNativeAutoUpdater.a; sourceTree = BUILT_PRODUCTS_DIR; };
		B781E7601C53023300F23A25 /* ReactNativeAutoUpdater.h */ = {isa = PBXFileReference; fileEncoding = 4; lastKnownFileType = sourcecode.c.h; path = ReactNativeAutoUpdater.h; sourceTree = "<group>"; };
		B781E7611C53023300F23A25 /* ReactNativeAutoUpdater.m */ = {isa = PBXFileReference; fileEncoding = 4; lastKnownFileType = sourcecode.c.objc; path = ReactNativeAutoUpdater.m; sourceTree = "<group>"; };
		B781E7621C53023300F23A25 /* StatusBarNotification.h */ = {isa = PBXFileReference; fileEncoding = 4; lastKnownFileType = sourcecode.c.h; path = StatusBarNotification.h; sourceTree = "<group>"; };
		B781E7631C53023300F23A25 /* StatusBarNotification.m */ = {isa = PBXFileReference; fileEncoding = 4; lastKnownFileType = sourcecode.c.objc; path = StatusBarNotification.m; sourceTree = "<group>"; };
/* End PBXFileReference section */

/* Begin PBXFrameworksBuildPhase section */
		B781E74B1C52EC0100F23A25 /* Frameworks */ = {
			isa = PBXFrameworksBuildPhase;
			buildActionMask = 2147483647;
			files = (
			);
			runOnlyForDeploymentPostprocessing = 0;
		};
/* End PBXFrameworksBuildPhase section */

/* Begin PBXGroup section */
		B781E7451C52EC0100F23A25 = {
			isa = PBXGroup;
			children = (
				B781E7501C52EC0100F23A25 /* ReactNativeAutoUpdater */,
				B781E74F1C52EC0100F23A25 /* Products */,
			);
			sourceTree = "<group>";
		};
		B781E74F1C52EC0100F23A25 /* Products */ = {
			isa = PBXGroup;
			children = (
				B781E74E1C52EC0100F23A25 /* libReactNativeAutoUpdater.a */,
			);
			name = Products;
			sourceTree = "<group>";
		};
		B781E7501C52EC0100F23A25 /* ReactNativeAutoUpdater */ = {
			isa = PBXGroup;
			children = (
				B781E7601C53023300F23A25 /* ReactNativeAutoUpdater.h */,
				B781E7611C53023300F23A25 /* ReactNativeAutoUpdater.m */,
				B781E7621C53023300F23A25 /* StatusBarNotification.h */,
				B781E7631C53023300F23A25 /* StatusBarNotification.m */,
			);
			path = ReactNativeAutoUpdater;
			sourceTree = "<group>";
		};
/* End PBXGroup section */

/* Begin PBXNativeTarget section */
		B781E74D1C52EC0100F23A25 /* ReactNativeAutoUpdater */ = {
			isa = PBXNativeTarget;
			buildConfigurationList = B781E7571C52EC0100F23A25 /* Build configuration list for PBXNativeTarget "ReactNativeAutoUpdater" */;
			buildPhases = (
				B781E74A1C52EC0100F23A25 /* Sources */,
				B781E74B1C52EC0100F23A25 /* Frameworks */,
				B781E74C1C52EC0100F23A25 /* CopyFiles */,
			);
			buildRules = (
			);
			dependencies = (
			);
			name = ReactNativeAutoUpdater;
			productName = ReactNativeAutoUpdater;
			productReference = B781E74E1C52EC0100F23A25 /* libReactNativeAutoUpdater.a */;
			productType = "com.apple.product-type.library.static";
		};
/* End PBXNativeTarget section */

/* Begin PBXProject section */
		B781E7461C52EC0100F23A25 /* Project object */ = {
			isa = PBXProject;
			attributes = {
				LastUpgradeCheck = 0720;
				ORGANIZATIONNAME = "Air Computing Inc.";
				TargetAttributes = {
					B781E74D1C52EC0100F23A25 = {
						CreatedOnToolsVersion = 7.2;
					};
				};
			};
			buildConfigurationList = B781E7491C52EC0100F23A25 /* Build configuration list for PBXProject "ReactNativeAutoUpdater" */;
			compatibilityVersion = "Xcode 3.2";
			developmentRegion = English;
			hasScannedForEncodings = 0;
			knownRegions = (
				en,
			);
			mainGroup = B781E7451C52EC0100F23A25;
			productRefGroup = B781E74F1C52EC0100F23A25 /* Products */;
			projectDirPath = "";
			projectRoot = "";
			targets = (
				B781E74D1C52EC0100F23A25 /* ReactNativeAutoUpdater */,
			);
		};
/* End PBXProject section */

/* Begin PBXSourcesBuildPhase section */
		B781E74A1C52EC0100F23A25 /* Sources */ = {
			isa = PBXSourcesBuildPhase;
			buildActionMask = 2147483647;
			files = (
				B781E7651C53023300F23A25 /* StatusBarNotification.m in Sources */,
				B781E7641C53023300F23A25 /* ReactNativeAutoUpdater.m in Sources */,
			);
			runOnlyForDeploymentPostprocessing = 0;
		};
/* End PBXSourcesBuildPhase section */

/* Begin XCBuildConfiguration section */
		B781E7551C52EC0100F23A25 /* Debug */ = {
			isa = XCBuildConfiguration;
			buildSettings = {
				ALWAYS_SEARCH_USER_PATHS = NO;
				CLANG_CXX_LANGUAGE_STANDARD = "gnu++0x";
				CLANG_CXX_LIBRARY = "libc++";
				CLANG_ENABLE_MODULES = YES;
				CLANG_ENABLE_OBJC_ARC = YES;
				CLANG_WARN_BOOL_CONVERSION = YES;
				CLANG_WARN_CONSTANT_CONVERSION = YES;
				CLANG_WARN_DIRECT_OBJC_ISA_USAGE = YES_ERROR;
				CLANG_WARN_EMPTY_BODY = YES;
				CLANG_WARN_ENUM_CONVERSION = YES;
				CLANG_WARN_INT_CONVERSION = YES;
				CLANG_WARN_OBJC_ROOT_CLASS = YES_ERROR;
				CLANG_WARN_UNREACHABLE_CODE = YES;
				CLANG_WARN__DUPLICATE_METHOD_MATCH = YES;
				"CODE_SIGN_IDENTITY[sdk=iphoneos*]" = "iPhone Developer";
				COPY_PHASE_STRIP = NO;
				DEBUG_INFORMATION_FORMAT = dwarf;
				ENABLE_STRICT_OBJC_MSGSEND = YES;
				ENABLE_TESTABILITY = YES;
				GCC_C_LANGUAGE_STANDARD = gnu99;
				GCC_DYNAMIC_NO_PIC = NO;
				GCC_NO_COMMON_BLOCKS = YES;
				GCC_OPTIMIZATION_LEVEL = 0;
				GCC_PREPROCESSOR_DEFINITIONS = (
					"DEBUG=1",
					"$(inherited)",
				);
				GCC_WARN_64_TO_32_BIT_CONVERSION = YES;
				GCC_WARN_ABOUT_RETURN_TYPE = YES_ERROR;
				GCC_WARN_UNDECLARED_SELECTOR = YES;
				GCC_WARN_UNINITIALIZED_AUTOS = YES_AGGRESSIVE;
				GCC_WARN_UNUSED_FUNCTION = YES;
				GCC_WARN_UNUSED_VARIABLE = YES;
				IPHONEOS_DEPLOYMENT_TARGET = 9.2;
				MTL_ENABLE_DEBUG_INFO = YES;
				ONLY_ACTIVE_ARCH = YES;
				SDKROOT = iphoneos;
			};
			name = Debug;
		};
		B781E7561C52EC0100F23A25 /* Release */ = {
			isa = XCBuildConfiguration;
			buildSettings = {
				ALWAYS_SEARCH_USER_PATHS = NO;
				CLANG_CXX_LANGUAGE_STANDARD = "gnu++0x";
				CLANG_CXX_LIBRARY = "libc++";
				CLANG_ENABLE_MODULES = YES;
				CLANG_ENABLE_OBJC_ARC = YES;
				CLANG_WARN_BOOL_CONVERSION = YES;
				CLANG_WARN_CONSTANT_CONVERSION = YES;
				CLANG_WARN_DIRECT_OBJC_ISA_USAGE = YES_ERROR;
				CLANG_WARN_EMPTY_BODY = YES;
				CLANG_WARN_ENUM_CONVERSION = YES;
				CLANG_WARN_INT_CONVERSION = YES;
				CLANG_WARN_OBJC_ROOT_CLASS = YES_ERROR;
				CLANG_WARN_UNREACHABLE_CODE = YES;
				CLANG_WARN__DUPLICATE_METHOD_MATCH = YES;
				"CODE_SIGN_IDENTITY[sdk=iphoneos*]" = "iPhone Developer";
				COPY_PHASE_STRIP = NO;
				DEBUG_INFORMATION_FORMAT = "dwarf-with-dsym";
				ENABLE_NS_ASSERTIONS = NO;
				ENABLE_STRICT_OBJC_MSGSEND = YES;
				GCC_C_LANGUAGE_STANDARD = gnu99;
				GCC_NO_COMMON_BLOCKS = YES;
				GCC_WARN_64_TO_32_BIT_CONVERSION = YES;
				GCC_WARN_ABOUT_RETURN_TYPE = YES_ERROR;
				GCC_WARN_UNDECLARED_SELECTOR = YES;
				GCC_WARN_UNINITIALIZED_AUTOS = YES_AGGRESSIVE;
				GCC_WARN_UNUSED_FUNCTION = YES;
				GCC_WARN_UNUSED_VARIABLE = YES;
				IPHONEOS_DEPLOYMENT_TARGET = 9.2;
				MTL_ENABLE_DEBUG_INFO = NO;
				SDKROOT = iphoneos;
				VALIDATE_PRODUCT = YES;
			};
			name = Release;
		};
		B781E7581C52EC0100F23A25 /* Debug */ = {
			isa = XCBuildConfiguration;
			buildSettings = {
				HEADER_SEARCH_PATHS = (
					"$(SRCROOT)/../../react-native/React/**",
				);
				OTHER_LDFLAGS = "-ObjC";
				PRODUCT_NAME = "$(TARGET_NAME)";
				SKIP_INSTALL = YES;
			};
			name = Debug;
		};
		B781E7591C52EC0100F23A25 /* Release */ = {
			isa = XCBuildConfiguration;
			buildSettings = {
				HEADER_SEARCH_PATHS = (
					"$(SRCROOT)/../../react-native/React/**",
				);
				OTHER_LDFLAGS = "-ObjC";
				PRODUCT_NAME = "$(TARGET_NAME)";
				SKIP_INSTALL = YES;
			};
			name = Release;
		};
/* End XCBuildConfiguration section */

/* Begin XCConfigurationList section */
		B781E7491C52EC0100F23A25 /* Build configuration list for PBXProject "ReactNativeAutoUpdater" */ = {
			isa = XCConfigurationList;
			buildConfigurations = (
				B781E7551C52EC0100F23A25 /* Debug */,
				B781E7561C52EC0100F23A25 /* Release */,
			);
			defaultConfigurationIsVisible = 0;
			defaultConfigurationName = Release;
		};
		B781E7571C52EC0100F23A25 /* Build configuration list for PBXNativeTarget "ReactNativeAutoUpdater" */ = {
			isa = XCConfigurationList;
			buildConfigurations = (
				B781E7581C52EC0100F23A25 /* Debug */,
				B781E7591C52EC0100F23A25 /* Release */,
			);
			defaultConfigurationIsVisible = 0;
			defaultConfigurationName = Release;
		};
/* End XCConfigurationList section */
	};
	rootObject = B781E7461C52EC0100F23A25 /* Project object */;
}
